
Microsoft Visual Studio Solution File, Format Version 12.00
# Visual Studio Version 17
VisualStudioVersion = 17.7.34024.191
MinimumVisualStudioVersion = 10.0.40219.1
Project("{888888A0-9F3D-457C-B088-3A5042F75D52}") = "temporal_schemes", "temporal_schemes.pyproj", "{9FFC4F0C-7608-4C96-B398-E2C54EC167A9}"
EndProject
Global
	GlobalSection(SolutionConfigurationPlatforms) = preSolution
		Debug|Any CPU = Debug|Any CPU
		Release|Any CPU = Release|Any CPU
	EndGlobalSection
	GlobalSection(ProjectConfigurationPlatforms) = postSolution
		{9FFC4F0C-7608-4C96-B398-E2C54EC167A9}.Debug|Any CPU.ActiveCfg = Debug|Any CPU
		{9FFC4F0C-7608-4C96-B398-E2C54EC167A9}.Release|Any CPU.ActiveCfg = Release|Any CPU
	EndGlobalSection
	GlobalSection(SolutionProperties) = preSolution
		HideSolutionNode = FALSE
	EndGlobalSection
	GlobalSection(ExtensibilityGlobals) = postSolution
		SolutionGuid = {B1C9B419-0F86-44FE-8371-1A5447689DE9}
	EndGlobalSection
EndGlobal
