
Microsoft Visual Studio Solution File, Format Version 12.00
# Visual Studio Version 17
VisualStudioVersion = 17.7.34024.191
MinimumVisualStudioVersion = 10.0.40219.1
Project("{888888A0-9F3D-457C-B088-3A5042F75D52}") = "Kepler_Problem", "Kepler_Problem.pyproj", "{C89856D7-AC0C-4449-B6CC-0CD1124D6408}"
EndProject
Global
	GlobalSection(SolutionConfigurationPlatforms) = preSolution
		Debug|Any CPU = Debug|Any CPU
		Release|Any CPU = Release|Any CPU
	EndGlobalSection
	GlobalSection(ProjectConfigurationPlatforms) = postSolution
		{C89856D7-AC0C-4449-B6CC-0CD1124D6408}.Debug|Any CPU.ActiveCfg = Debug|Any CPU
		{C89856D7-AC0C-4449-B6CC-0CD1124D6408}.Release|Any CPU.ActiveCfg = Release|Any CPU
	EndGlobalSection
	GlobalSection(SolutionProperties) = preSolution
		HideSolutionNode = FALSE
	EndGlobalSection
	GlobalSection(ExtensibilityGlobals) = postSolution
		SolutionGuid = {AAF2C89A-B07C-42BF-A3E6-4C09144F6DC4}
	EndGlobalSection
EndGlobal
